dependencies:
- name: api-gateway
  repository: https://frontegg.github.io/helm-charts/
  version: 0.4.38
- name: connectors-worker
  repository: https://frontegg.github.io/helm-charts/
  version: 0.1.23
- name: event-service
  repository: https://frontegg.github.io/helm-charts/
  version: 0.1.16
- name: integrations-service
  repository: https://frontegg.github.io/helm-charts/
  version: 0.1.9
- name: webhook-service
  repository: https://frontegg.github.io/helm-charts/
  version: 0.2.8
digest: sha256:173a7fff4363af08b4fa54e09e5a91cb619c275579bf94a53ef932ab5e7751e8
generated: "2024-08-01T20:05:18.83806-07:00"
