dependencies:
- name: ingress-nginx
  repository: https://kubernetes.github.io/ingress-nginx
  version: 4.6.1
- name: minio
  repository: https://charts.min.io/
  version: 5.3.0
- name: redis
  repository: https://charts.bitnami.com/bitnami
  version: 20.3.0
- name: mongodb
  repository: https://charts.bitnami.com/bitnami
  version: 16.3.0
- name: grafana-operator
  repository: https://grafana.github.io/helm-charts
  version: v5.15.1
- name: aws-node-termination-handler
  repository: https://aws.github.io/eks-charts
  version: 0.21.0
- name: kube-prometheus-stack
  repository: https://prometheus-community.github.io/helm-charts
  version: 66.2.1
- name: reloader
  repository: https://stakater.github.io/stakater-charts
  version: 1.1.0
- name: connectivity
  repository: file://charts/connectivity
  version: 0.2.1
digest: sha256:9682fab5ab3d20271893d40154989a25d7f185c09fe5e1df1067687036e426f0
generated: "2024-12-06T18:05:49.062-05:00"
