name: 'Provider lock'

# The committed .terraform.lock.hcl is what stops a bad provider release from reaching
# the fleet on its own (aws 6.57.0, 2026-07-29). That protection has one failure mode
# worse than the problem it solves: a lock file whose hashes do not cover the platform
# the runner uses. Spacelift is linux_amd64; a lock file generated by a plain local
# `init` on a Mac carries darwin hashes only, and every stack then fails to init. That
# turns a provider bug into a fleet-wide inability to run anything.
#
# The hashes in the file are not labelled by platform, so you cannot check coverage by
# reading it. The only honest test is to ask tofu to complete the lock for the
# platforms we care about and confirm it had nothing to add. Renovate maintains this
# file once it starts proposing bumps and its platform handling is not ours to control,
# so this asserts the property rather than trusting the tool.

on:
  pull_request:
    paths:
      - '**/.terraform.lock.hcl'
      - '**/main.tf'
      - '.github/workflows/provider-lock.yml'
  push:
    branches:
      - master
    paths:
      - '**/.terraform.lock.hcl'

jobs:
  platforms:
    name: 'Lock covers every platform we run on'
    runs-on: ubuntu-latest
    strategy:
      fail-fast: false
      matrix:
        module: [physical, logical]
    steps:
      - name: Checkout
        uses: actions/checkout@v4

      - name: Setup OpenTofu
        uses: opentofu/setup-opentofu@v1
        with:
          tofu_version: 1.11.8

      - name: Complete the lock and assert nothing was missing
        working-directory: terraform/${{ matrix.module }}
        shell: bash
        run: |
          set -euo pipefail
          # Modules must be installed first or the lock misses providers that only the
          # child modules require (terraform-aws-modules/*, the vendored ones).
          tofu init -backend=false -input=false -no-color
          # linux_amd64  - Spacelift workers (public pool and the gov private pool)
          # darwin_arm64 - engineer laptops and the live/tests harness
          tofu providers lock \
            -platform=linux_amd64 \
            -platform=darwin_arm64 \
            -no-color
          if ! git diff --quiet -- .terraform.lock.hcl; then
            echo "::error file=terraform/${{ matrix.module }}/.terraform.lock.hcl::lock file is incomplete for linux_amd64/darwin_arm64. Regenerate it: cd terraform/${{ matrix.module }} && tofu init -backend=false && tofu providers lock -platform=linux_amd64 -platform=darwin_arm64"
            git --no-pager diff -- .terraform.lock.hcl
            exit 1
          fi
          echo "lock file already covers linux_amd64 and darwin_arm64"
